
Microsoft Visual Studio Solution File, Format Version 12.00
# Visual Studio Version 17
VisualStudioVersion = 17.11.35312.102
MinimumVisualStudioVersion = 10.0.40219.1
Project("{FAE04EC0-301F-11D3-BF4B-00C04F79EFBC}") = "test", "test.csproj", "{F4288F6C-A09C-46FC-8A72-6D32DEB655FB}"
EndProject
Global
	GlobalSection(SolutionConfigurationPlatforms) = preSolution
		Debug|Any CPU = Debug|Any CPU
		Release|Any CPU = Release|Any CPU
	EndGlobalSection
	GlobalSection(ProjectConfigurationPlatforms) = postSolution
		{F4288F6C-A09C-46FC-8A72-6D32DEB655FB}.Debug|Any CPU.ActiveCfg = Debug|Any CPU
		{F4288F6C-A09C-46FC-8A72-6D32DEB655FB}.Debug|Any CPU.Build.0 = Debug|Any CPU
		{F4288F6C-A09C-46FC-8A72-6D32DEB655FB}.Release|Any CPU.ActiveCfg = Release|Any CPU
		{F4288F6C-A09C-46FC-8A72-6D32DEB655FB}.Release|Any CPU.Build.0 = Release|Any CPU
	EndGlobalSection
	GlobalSection(SolutionProperties) = preSolution
		HideSolutionNode = FALSE
	EndGlobalSection
	GlobalSection(ExtensibilityGlobals) = postSolution
		SolutionGuid = {3CE9DD89-6F84-4073-9B16-D8212F306EA7}
	EndGlobalSection
EndGlobal
