
Microsoft Visual Studio Solution File, Format Version 12.00
# Visual Studio Version 17
VisualStudioVersion = 17.11.35312.102
MinimumVisualStudioVersion = 10.0.40219.1
Project("{FAE04EC0-301F-11D3-BF4B-00C04F79EFBC}") = "Demo01", "Demo01.csproj", "{0F7C6C39-9F7F-4DBE-A88D-14E9B66DFEC5}"
EndProject
Global
	GlobalSection(SolutionConfigurationPlatforms) = preSolution
		Debug|Any CPU = Debug|Any CPU
		Release|Any CPU = Release|Any CPU
	EndGlobalSection
	GlobalSection(ProjectConfigurationPlatforms) = postSolution
		{0F7C6C39-9F7F-4DBE-A88D-14E9B66DFEC5}.Debug|Any CPU.ActiveCfg = Debug|Any CPU
		{0F7C6C39-9F7F-4DBE-A88D-14E9B66DFEC5}.Debug|Any CPU.Build.0 = Debug|Any CPU
		{0F7C6C39-9F7F-4DBE-A88D-14E9B66DFEC5}.Release|Any CPU.ActiveCfg = Release|Any CPU
		{0F7C6C39-9F7F-4DBE-A88D-14E9B66DFEC5}.Release|Any CPU.Build.0 = Release|Any CPU
	EndGlobalSection
	GlobalSection(SolutionProperties) = preSolution
		HideSolutionNode = FALSE
	EndGlobalSection
	GlobalSection(ExtensibilityGlobals) = postSolution
		SolutionGuid = {216B7802-F405-4EBA-B657-BCF12AA8F57C}
	EndGlobalSection
EndGlobal
