
Microsoft Visual Studio Solution File, Format Version 12.00
# Visual Studio Version 17
VisualStudioVersion = 17.11.35312.102
MinimumVisualStudioVersion = 10.0.40219.1
Project("{FAE04EC0-301F-11D3-BF4B-00C04F79EFBC}") = "Altitude", "Altitude.csproj", "{D6D9CD14-DCA8-4E96-A9E2-FFE5996DD812}"
EndProject
Global
	GlobalSection(SolutionConfigurationPlatforms) = preSolution
		Debug|Any CPU = Debug|Any CPU
		Release|Any CPU = Release|Any CPU
	EndGlobalSection
	GlobalSection(ProjectConfigurationPlatforms) = postSolution
		{D6D9CD14-DCA8-4E96-A9E2-FFE5996DD812}.Debug|Any CPU.ActiveCfg = Debug|Any CPU
		{D6D9CD14-DCA8-4E96-A9E2-FFE5996DD812}.Debug|Any CPU.Build.0 = Debug|Any CPU
		{D6D9CD14-DCA8-4E96-A9E2-FFE5996DD812}.Release|Any CPU.ActiveCfg = Release|Any CPU
		{D6D9CD14-DCA8-4E96-A9E2-FFE5996DD812}.Release|Any CPU.Build.0 = Release|Any CPU
	EndGlobalSection
	GlobalSection(SolutionProperties) = preSolution
		HideSolutionNode = FALSE
	EndGlobalSection
	GlobalSection(ExtensibilityGlobals) = postSolution
		SolutionGuid = {933A7192-05CE-4AFE-9D21-DFA52DCEE8DD}
	EndGlobalSection
EndGlobal
