
Microsoft Visual Studio Solution File, Format Version 12.00
# Visual Studio Version 17
VisualStudioVersion = 17.11.35312.102
MinimumVisualStudioVersion = 10.0.40219.1
Project("{FAE04EC0-301F-11D3-BF4B-00C04F79EFBC}") = "Conta", "Conta.csproj", "{2B9D5162-9C2D-476E-8D71-0AC4F00119F9}"
EndProject
Global
	GlobalSection(SolutionConfigurationPlatforms) = preSolution
		Debug|Any CPU = Debug|Any CPU
		Release|Any CPU = Release|Any CPU
	EndGlobalSection
	GlobalSection(ProjectConfigurationPlatforms) = postSolution
		{2B9D5162-9C2D-476E-8D71-0AC4F00119F9}.Debug|Any CPU.ActiveCfg = Debug|Any CPU
		{2B9D5162-9C2D-476E-8D71-0AC4F00119F9}.Debug|Any CPU.Build.0 = Debug|Any CPU
		{2B9D5162-9C2D-476E-8D71-0AC4F00119F9}.Release|Any CPU.ActiveCfg = Release|Any CPU
		{2B9D5162-9C2D-476E-8D71-0AC4F00119F9}.Release|Any CPU.Build.0 = Release|Any CPU
	EndGlobalSection
	GlobalSection(SolutionProperties) = preSolution
		HideSolutionNode = FALSE
	EndGlobalSection
	GlobalSection(ExtensibilityGlobals) = postSolution
		SolutionGuid = {1B58B82A-EC39-4508-B47A-8CE1C91DBCD6}
	EndGlobalSection
EndGlobal
